{
  "version": 4,
  "terraform_version": "1.10.5",
  "serial": 1,
  "lineage": "4998bb87-d22d-cb3a-4d69-2f143b7ce107",
  "outputs": {},
  "resources": [
    {
      "mode": "managed",
      "type": "aws_iam_user",
      "name": "lb",
      "provider": "provider[\"registry.terraform.io/hashicorp/aws\"]",
      "instances": [
        {
          "schema_version": 0,
          "attributes": {
            "arn": "arn:aws:iam::779846823014:user/Adam",
            "force_destroy": false,
            "id": "Adam",
            "name": "Adam",
            "path": "/",
            "permissions_boundary": null,
            "tags": null,
            "tags_all": {},
            "unique_id": "AIDA3LET6FRTABAT7JBIW"
          },
          "sensitive_attributes": [],
          "private": "bnVsbA=="
        }
      ]
    }
  ],
  "check_results": null
}
